
Microsoft Visual Studio Solution File, Format Version 12.00
# Visual Studio Version 17
VisualStudioVersion = 17.0.31903.59
MinimumVisualStudioVersion = 10.0.40219.1
Project("{2150E333-8FDC-42A3-9474-1A3956D46DE8}") = "src", "src", "{C39CF860-A76A-4F0B-B1AC-634B76337ED4}"
EndProject
Project("{FAE04EC0-301F-11D3-BF4B-00C04F79EFBC}") = "Net4Courier.Web", "src\Net4Courier.Web\Net4Courier.Web.csproj", "{E8D1BED3-066C-4271-9B59-664379BAD737}"
EndProject
EndProject
Project("{FAE04EC0-301F-11D3-BF4B-00C04F79EFBC}") = "Net4Courier.Operations", "src\Net4Courier.Operations\Net4Courier.Operations.csproj", "{60DAF93F-A9EB-4BDB-89A8-C39D3DB0E867}"
EndProject
Project("{FAE04EC0-301F-11D3-BF4B-00C04F79EFBC}") = "Net4Courier.Finance", "src\Net4Courier.Finance\Net4Courier.Finance.csproj", "{2911EC4E-8118-4D0D-9ACB-08AA533170D1}"
EndProject
Project("{FAE04EC0-301F-11D3-BF4B-00C04F79EFBC}") = "Net4Courier.Infrastructure", "src\Net4Courier.Infrastructure\Net4Courier.Infrastructure.csproj", "{78321F46-BED4-43C5-AEE5-EDBEB16EB844}"
EndProject
Project("{FAE04EC0-301F-11D3-BF4B-00C04F79EFBC}") = "Net4Courier.Kernel", "src\Net4Courier.Kernel\Net4Courier.Kernel.csproj", "{E08727FA-ADCF-4533-9660-004C9142AE90}"
EndProject
Project("{FAE04EC0-301F-11D3-BF4B-00C04F79EFBC}") = "Net4Courier.Masters", "src\Net4Courier.Masters\Net4Courier.Masters.csproj", "{4918FA93-BAF2-490F-B677-A6B57DA18807}"
EndProject
Global
	GlobalSection(SolutionConfigurationPlatforms) = preSolution
		Debug|Any CPU = Debug|Any CPU
		Release|Any CPU = Release|Any CPU
	EndGlobalSection
	GlobalSection(SolutionProperties) = preSolution
		HideSolutionNode = FALSE
	EndGlobalSection
	GlobalSection(ProjectConfigurationPlatforms) = postSolution
		{E8D1BED3-066C-4271-9B59-664379BAD737}.Debug|Any CPU.ActiveCfg = Debug|Any CPU
		{E8D1BED3-066C-4271-9B59-664379BAD737}.Debug|Any CPU.Build.0 = Debug|Any CPU
		{E8D1BED3-066C-4271-9B59-664379BAD737}.Release|Any CPU.ActiveCfg = Release|Any CPU
		{E8D1BED3-066C-4271-9B59-664379BAD737}.Release|Any CPU.Build.0 = Release|Any CPU
		{60DAF93F-A9EB-4BDB-89A8-C39D3DB0E867}.Debug|Any CPU.ActiveCfg = Debug|Any CPU
		{60DAF93F-A9EB-4BDB-89A8-C39D3DB0E867}.Debug|Any CPU.Build.0 = Debug|Any CPU
		{60DAF93F-A9EB-4BDB-89A8-C39D3DB0E867}.Release|Any CPU.ActiveCfg = Release|Any CPU
		{60DAF93F-A9EB-4BDB-89A8-C39D3DB0E867}.Release|Any CPU.Build.0 = Release|Any CPU
		{2911EC4E-8118-4D0D-9ACB-08AA533170D1}.Debug|Any CPU.ActiveCfg = Debug|Any CPU
		{2911EC4E-8118-4D0D-9ACB-08AA533170D1}.Debug|Any CPU.Build.0 = Debug|Any CPU
		{2911EC4E-8118-4D0D-9ACB-08AA533170D1}.Release|Any CPU.ActiveCfg = Release|Any CPU
		{2911EC4E-8118-4D0D-9ACB-08AA533170D1}.Release|Any CPU.Build.0 = Release|Any CPU
		{78321F46-BED4-43C5-AEE5-EDBEB16EB844}.Debug|Any CPU.ActiveCfg = Debug|Any CPU
		{78321F46-BED4-43C5-AEE5-EDBEB16EB844}.Debug|Any CPU.Build.0 = Debug|Any CPU
		{78321F46-BED4-43C5-AEE5-EDBEB16EB844}.Release|Any CPU.ActiveCfg = Release|Any CPU
		{78321F46-BED4-43C5-AEE5-EDBEB16EB844}.Release|Any CPU.Build.0 = Release|Any CPU
		{E08727FA-ADCF-4533-9660-004C9142AE90}.Debug|Any CPU.ActiveCfg = Debug|Any CPU
		{E08727FA-ADCF-4533-9660-004C9142AE90}.Debug|Any CPU.Build.0 = Debug|Any CPU
		{E08727FA-ADCF-4533-9660-004C9142AE90}.Release|Any CPU.ActiveCfg = Release|Any CPU
		{E08727FA-ADCF-4533-9660-004C9142AE90}.Release|Any CPU.Build.0 = Release|Any CPU
		{4918FA93-BAF2-490F-B677-A6B57DA18807}.Debug|Any CPU.ActiveCfg = Debug|Any CPU
		{4918FA93-BAF2-490F-B677-A6B57DA18807}.Debug|Any CPU.Build.0 = Debug|Any CPU
		{4918FA93-BAF2-490F-B677-A6B57DA18807}.Release|Any CPU.ActiveCfg = Release|Any CPU
		{4918FA93-BAF2-490F-B677-A6B57DA18807}.Release|Any CPU.Build.0 = Release|Any CPU
	EndGlobalSection
	GlobalSection(NestedProjects) = preSolution
		{E8D1BED3-066C-4271-9B59-664379BAD737} = {C39CF860-A76A-4F0B-B1AC-634B76337ED4}
		{60DAF93F-A9EB-4BDB-89A8-C39D3DB0E867} = {C39CF860-A76A-4F0B-B1AC-634B76337ED4}
		{2911EC4E-8118-4D0D-9ACB-08AA533170D1} = {C39CF860-A76A-4F0B-B1AC-634B76337ED4}
		{78321F46-BED4-43C5-AEE5-EDBEB16EB844} = {C39CF860-A76A-4F0B-B1AC-634B76337ED4}
		{E08727FA-ADCF-4533-9660-004C9142AE90} = {C39CF860-A76A-4F0B-B1AC-634B76337ED4}
		{4918FA93-BAF2-490F-B677-A6B57DA18807} = {C39CF860-A76A-4F0B-B1AC-634B76337ED4}
	EndGlobalSection
EndGlobal
