
Microsoft Visual Studio Solution File, Format Version 12.00
# Visual Studio Version 16
VisualStudioVersion = 16.0.30523.141
MinimumVisualStudioVersion = 10.0.40219.1
Project("{FAE04EC0-301F-11D3-BF4B-00C04F79EFBC}") = "Net4Courier", "Net4Courier.csproj", "{037596A0-8903-4759-8586-0069B4DF4DA6}"
EndProject
Global
	GlobalSection(SolutionConfigurationPlatforms) = preSolution
		Debug|Any CPU = Debug|Any CPU
		Release|Any CPU = Release|Any CPU
	EndGlobalSection
	GlobalSection(ProjectConfigurationPlatforms) = postSolution
		{037596A0-8903-4759-8586-0069B4DF4DA6}.Debug|Any CPU.ActiveCfg = Debug|Any CPU
		{037596A0-8903-4759-8586-0069B4DF4DA6}.Debug|Any CPU.Build.0 = Debug|Any CPU
		{037596A0-8903-4759-8586-0069B4DF4DA6}.Release|Any CPU.ActiveCfg = Release|Any CPU
		{037596A0-8903-4759-8586-0069B4DF4DA6}.Release|Any CPU.Build.0 = Release|Any CPU
	EndGlobalSection
	GlobalSection(SolutionProperties) = preSolution
		HideSolutionNode = FALSE
	EndGlobalSection
	GlobalSection(ExtensibilityGlobals) = postSolution
		SolutionGuid = {3D49D9CA-0B42-46F8-B9E6-C64CB4C93715}
	EndGlobalSection
EndGlobal
